<?xml version="1.0" encoding="UTF-8" standalone="yes" ?>
<CodeBlocks_project_file>
	<FileVersion major="1" minor="6" />
	<Project>
		<Option title="TPI Progra 2" />
		<Option pch_mode="2" />
		<Option compiler="gcc" />
		<Build>
			<Target title="Debug">
				<Option output="bin/Debug/TPI Progra 2" prefix_auto="1" extension_auto="1" />
				<Option object_output="obj/Debug/" />
				<Option type="1" />
				<Option compiler="gcc" />
				<Compiler>
					<Add option="-g" />
				</Compiler>
			</Target>
			<Target title="Release">
				<Option output="bin/Release/TPI Progra 2" prefix_auto="1" extension_auto="1" />
				<Option object_output="obj/Release/" />
				<Option type="1" />
				<Option compiler="gcc" />
				<Compiler>
					<Add option="-O2" />
				</Compiler>
				<Linker>
					<Add option="-s" />
				</Linker>
			</Target>
		</Build>
		<Compiler>
			<Add option="-Wall" />
			<Add option="-fexceptions" />
		</Compiler>
		<Unit filename="ArchivoAutor.cpp" />
		<Unit filename="ArchivoAutor.h" />
		<Unit filename="ArchivoLibro.cpp">
			<Option target="Debug" />
		</Unit>
		<Unit filename="ArchivoLibro.h">
			<Option target="Debug" />
		</Unit>
		<Unit filename="ArchivoPrestamos.cpp">
			<Option target="Debug" />
		</Unit>
		<Unit filename="ArchivoPrestamos.h">
			<Option target="Debug" />
		</Unit>
		<Unit filename="ArchivoSocio.cpp" />
		<Unit filename="ArchivoSocio.h" />
		<Unit filename="Autor.cpp" />
		<Unit filename="Autor.h" />
		<Unit filename="Libro.cpp">
			<Option target="Debug" />
		</Unit>
		<Unit filename="Libro.h">
			<Option compile="1" />
			<Option target="Debug" />
		</Unit>
		<Unit filename="ManagerAutor.cpp" />
		<Unit filename="ManagerAutor.h" />
		<Unit filename="ManagerLibro.cpp" />
		<Unit filename="ManagerLibro.h" />
		<Unit filename="ManagerPrestamo.cpp">
			<Option target="Debug" />
		</Unit>
		<Unit filename="ManagerPrestamo.h">
			<Option target="Debug" />
		</Unit>
		<Unit filename="ManagerSocio.cpp" />
		<Unit filename="ManagerSocio.h" />
		<Unit filename="MenuAutor.h" />
		<Unit filename="MenuLibros.h" />
		<Unit filename="MenuPagos.h" />
		<Unit filename="MenuPrestamos.hh" />
		<Unit filename="MenuReportes.h" />
		<Unit filename="MenuSocios.h" />
		<Unit filename="Pagos.cpp" />
		<Unit filename="Pagos.h" />
		<Unit filename="Prestamo.cpp">
			<Option target="Debug" />
		</Unit>
		<Unit filename="Prestamo.h">
			<Option target="Debug" />
		</Unit>
		<Unit filename="fecha.cpp" />
		<Unit filename="fecha.h" />
		<Unit filename="main.cpp" />
		<Unit filename="persona.cpp" />
		<Unit filename="persona.h" />
		<Unit filename="socio.cpp" />
		<Unit filename="socio.h" />
		<Extensions>
			<lib_finder disable_auto="1" />
		</Extensions>
	</Project>
</CodeBlocks_project_file>
